
Microsoft Visual Studio Solution File, Format Version 12.00
# Visual Studio Version 16
VisualStudioVersion = 16.0.31702.278
MinimumVisualStudioVersion = 10.0.40219.1
Project("{FAE04EC0-301F-11D3-BF4B-00C04F79EFBC}") = "GeneratingNeuralNetwork", "GeneratingNeuralNetwork\GeneratingNeuralNetwork.csproj", "{40FE893A-13E7-4645-889C-24527BA6A002}"
EndProject
Global
	GlobalSection(SolutionConfigurationPlatforms) = preSolution
		Debug|Any CPU = Debug|Any CPU
		Release|Any CPU = Release|Any CPU
	EndGlobalSection
	GlobalSection(ProjectConfigurationPlatforms) = postSolution
		{40FE893A-13E7-4645-889C-24527BA6A002}.Debug|Any CPU.ActiveCfg = Debug|x64
		{40FE893A-13E7-4645-889C-24527BA6A002}.Debug|Any CPU.Build.0 = Debug|x64
		{40FE893A-13E7-4645-889C-24527BA6A002}.Release|Any CPU.ActiveCfg = Release|Any CPU
		{40FE893A-13E7-4645-889C-24527BA6A002}.Release|Any CPU.Build.0 = Release|Any CPU
	EndGlobalSection
	GlobalSection(SolutionProperties) = preSolution
		HideSolutionNode = FALSE
	EndGlobalSection
	GlobalSection(ExtensibilityGlobals) = postSolution
		SolutionGuid = {9496D2DC-9251-48D5-B212-565765F7E8BB}
	EndGlobalSection
EndGlobal
